
Microsoft Visual Studio Solution File, Format Version 12.00
# Visual Studio Version 16
VisualStudioVersion = 16.0.30804.86
MinimumVisualStudioVersion = 10.0.40219.1
Project("{FAE04EC0-301F-11D3-BF4B-00C04F79EFBC}") = "TIPamLib21", "TIPamLib21\TIPamLib21.csproj", "{26B21673-3C72-4AE1-8957-47DC968B1088}"
EndProject
Global
	GlobalSection(SolutionConfigurationPlatforms) = preSolution
		Debug|Any CPU = Debug|Any CPU
		Release|Any CPU = Release|Any CPU
	EndGlobalSection
	GlobalSection(ProjectConfigurationPlatforms) = postSolution
		{26B21673-3C72-4AE1-8957-47DC968B1088}.Debug|Any CPU.ActiveCfg = Debug|Any CPU
		{26B21673-3C72-4AE1-8957-47DC968B1088}.Debug|Any CPU.Build.0 = Debug|Any CPU
		{26B21673-3C72-4AE1-8957-47DC968B1088}.Release|Any CPU.ActiveCfg = Release|Any CPU
		{26B21673-3C72-4AE1-8957-47DC968B1088}.Release|Any CPU.Build.0 = Release|Any CPU
	EndGlobalSection
	GlobalSection(SolutionProperties) = preSolution
		HideSolutionNode = FALSE
	EndGlobalSection
	GlobalSection(ExtensibilityGlobals) = postSolution
		SolutionGuid = {C955DBCF-38CB-4403-BA2D-410E164B884D}
	EndGlobalSection
EndGlobal
